// !$*UTF8*$!
{
	archiveVersion = 1;
	classes = {
	};
	objectVersion = 56;
	objects = {

/* Begin PBXBuildFile section */
		C7D129602A2AFF9F00A8170F /* AppDelegate.swift in Sources */ = {isa = PBXBuildFile; fileRef = C7D1295F2A2AFF9F00A8170F /* AppDelegate.swift */; };
		C7D129622A2AFF9F00A8170F /* SceneDelegate.swift in Sources */ = {isa = PBXBuildFile; fileRef = C7D129612A2AFF9F00A8170F /* SceneDelegate.swift */; };
		C7D129642A2AFF9F00A8170F /* ViewController.swift in Sources */ = {isa = PBXBuildFile; fileRef = C7D129632A2AFF9F00A8170F /* ViewController.swift */; };
		C7D129692A2AFFA000A8170F /* Assets.xcassets in Resources */ = {isa = PBXBuildFile; fileRef = C7D129682A2AFFA000A8170F /* Assets.xcassets */; };
		C7D1296C2A2AFFA000A8170F /* LaunchScreen.storyboard in Resources */ = {isa = PBXBuildFile; fileRef = C7D1296A2A2AFFA000A8170F /* LaunchScreen.storyboard */; };
		C7D129772A2AFFA000A8170F /* SocketStudyTests.swift in Sources */ = {isa = PBXBuildFile; fileRef = C7D129762A2AFFA000A8170F /* SocketStudyTests.swift */; };
		C7D129812A2AFFA000A8170F /* SocketStudyUITests.swift in Sources */ = {isa = PBXBuildFile; fileRef = C7D129802A2AFFA000A8170F /* SocketStudyUITests.swift */; };
		C7D129832A2AFFA000A8170F /* SocketStudyUITestsLaunchTests.swift in Sources */ = {isa = PBXBuildFile; fileRef = C7D129822A2AFFA000A8170F /* SocketStudyUITestsLaunchTests.swift */; };
		C7D129902A2B014E00A8170F /* SocketViewModel.swift in Sources */ = {isa = PBXBuildFile; fileRef = C7D1298F2A2B014E00A8170F /* SocketViewModel.swift */; };
		C7D129932A2B048000A8170F /* SocketIO in Frameworks */ = {isa = PBXBuildFile; productRef = C7D129922A2B048000A8170F /* SocketIO */; };
		C7D129962A2B1F5000A8170F /* SnapKit in Frameworks */ = {isa = PBXBuildFile; productRef = C7D129952A2B1F5000A8170F /* SnapKit */; };
/* End PBXBuildFile section */

/* Begin PBXContainerItemProxy section */
		C7D129732A2AFFA000A8170F /* PBXContainerItemProxy */ = {
			isa = PBXContainerItemProxy;
			containerPortal = C7D129542A2AFF9F00A8170F /* Project object */;
			proxyType = 1;
			remoteGlobalIDString = C7D1295B2A2AFF9F00A8170F;
			remoteInfo = SocketStudy;
		};
		C7D1297D2A2AFFA000A8170F /* PBXContainerItemProxy */ = {
			isa = PBXContainerItemProxy;
			containerPortal = C7D129542A2AFF9F00A8170F /* Project object */;
			proxyType = 1;
			remoteGlobalIDString = C7D1295B2A2AFF9F00A8170F;
			remoteInfo = SocketStudy;
		};
/* End PBXContainerItemProxy section */

/* Begin PBXFileReference section */
		C7D1295C2A2AFF9F00A8170F /* SocketStudy.app */ = {isa = PBXFileReference; explicitFileType = wrapper.application; includeInIndex = 0; path = SocketStudy.app; sourceTree = BUILT_PRODUCTS_DIR; };
		C7D1295F2A2AFF9F00A8170F /* AppDelegate.swift */ = {isa = PBXFileReference; lastKnownFileType = sourcecode.swift; path = AppDelegate.swift; sourceTree = "<group>"; };
		C7D129612A2AFF9F00A8170F /* SceneDelegate.swift */ = {isa = PBXFileReference; lastKnownFileType = sourcecode.swift; path = SceneDelegate.swift; sourceTree = "<group>"; };
		C7D129632A2AFF9F00A8170F /* ViewController.swift */ = {isa = PBXFileReference; lastKnownFileType = sourcecode.swift; path = ViewController.swift; sourceTree = "<group>"; };
		C7D129682A2AFFA000A8170F /* Assets.xcassets */ = {isa = PBXFileReference; lastKnownFileType = folder.assetcatalog; path = Assets.xcassets; sourceTree = "<group>"; };
		C7D1296B2A2AFFA000A8170F /* Base */ = {isa = PBXFileReference; lastKnownFileType = file.storyboard; name = Base; path = Base.lproj/LaunchScreen.storyboard; sourceTree = "<group>"; };
		C7D1296D2A2AFFA000A8170F /* Info.plist */ = {isa = PBXFileReference; lastKnownFileType = text.plist.xml; path = Info.plist; sourceTree = "<group>"; };
		C7D129722A2AFFA000A8170F /* SocketStudyTests.xctest */ = {isa = PBXFileReference; explicitFileType = wrapper.cfbundle; includeInIndex = 0; path = SocketStudyTests.xctest; sourceTree = BUILT_PRODUCTS_DIR; };
		C7D129762A2AFFA000A8170F /* SocketStudyTests.swift */ = {isa = PBXFileReference; lastKnownFileType = sourcecode.swift; path = SocketStudyTests.swift; sourceTree = "<group>"; };
		C7D1297C2A2AFFA000A8170F /* SocketStudyUITests.xctest */ = {isa = PBXFileReference; explicitFileType = wrapper.cfbundle; includeInIndex = 0; path = SocketStudyUITests.xctest; sourceTree = BUILT_PRODUCTS_DIR; };
		C7D129802A2AFFA000A8170F /* SocketStudyUITests.swift */ = {isa = PBXFileReference; lastKnownFileType = sourcecode.swift; path = SocketStudyUITests.swift; sourceTree = "<group>"; };
		C7D129822A2AFFA000A8170F /* SocketStudyUITestsLaunchTests.swift */ = {isa = PBXFileReference; lastKnownFileType = sourcecode.swift; path = SocketStudyUITestsLaunchTests.swift; sourceTree = "<group>"; };
		C7D1298F2A2B014E00A8170F /* SocketViewModel.swift */ = {isa = PBXFileReference; lastKnownFileType = sourcecode.swift; path = SocketViewModel.swift; sourceTree = "<group>"; };
/* End PBXFileReference section */

/* Begin PBXFrameworksBuildPhase section */
		C7D129592A2AFF9F00A8170F /* Frameworks */ = {
			isa = PBXFrameworksBuildPhase;
			buildActionMask = 2147483647;
			files = (
				C7D129932A2B048000A8170F /* SocketIO in Frameworks */,
				C7D129962A2B1F5000A8170F /* SnapKit in Frameworks */,
			);
			runOnlyForDeploymentPostprocessing = 0;
		};
		C7D1296F2A2AFFA000A8170F /* Frameworks */ = {
			isa = PBXFrameworksBuildPhase;
			buildActionMask = 2147483647;
			files = (
			);
			runOnlyForDeploymentPostprocessing = 0;
		};
		C7D129792A2AFFA000A8170F /* Frameworks */ = {
			isa = PBXFrameworksBuildPhase;
			buildActionMask = 2147483647;
			files = (
			);
			runOnlyForDeploymentPostprocessing = 0;
		};
/* End PBXFrameworksBuildPhase section */

/* Begin PBXGroup section */
		C7D129532A2AFF9F00A8170F = {
			isa = PBXGroup;
			children = (
				C7D1295E2A2AFF9F00A8170F /* SocketStudy */,
				C7D129752A2AFFA000A8170F /* SocketStudyTests */,
				C7D1297F2A2AFFA000A8170F /* SocketStudyUITests */,
				C7D1295D2A2AFF9F00A8170F /* Products */,
			);
			sourceTree = "<group>";
		};
		C7D1295D2A2AFF9F00A8170F /* Products */ = {
			isa = PBXGroup;
			children = (
				C7D1295C2A2AFF9F00A8170F /* SocketStudy.app */,
				C7D129722A2AFFA000A8170F /* SocketStudyTests.xctest */,
				C7D1297C2A2AFFA000A8170F /* SocketStudyUITests.xctest */,
			);
			name = Products;
			sourceTree = "<group>";
		};
		C7D1295E2A2AFF9F00A8170F /* SocketStudy */ = {
			isa = PBXGroup;
			children = (
				C7D1295F2A2AFF9F00A8170F /* AppDelegate.swift */,
				C7D129612A2AFF9F00A8170F /* SceneDelegate.swift */,
				C7D129632A2AFF9F00A8170F /* ViewController.swift */,
				C7D1298F2A2B014E00A8170F /* SocketViewModel.swift */,
				C7D129682A2AFFA000A8170F /* Assets.xcassets */,
				C7D1296A2A2AFFA000A8170F /* LaunchScreen.storyboard */,
				C7D1296D2A2AFFA000A8170F /* Info.plist */,
			);
			path = SocketStudy;
			sourceTree = "<group>";
		};
		C7D129752A2AFFA000A8170F /* SocketStudyTests */ = {
			isa = PBXGroup;
			children = (
				C7D129762A2AFFA000A8170F /* SocketStudyTests.swift */,
			);
			path = SocketStudyTests;
			sourceTree = "<group>";
		};
		C7D1297F2A2AFFA000A8170F /* SocketStudyUITests */ = {
			isa = PBXGroup;
			children = (
				C7D129802A2AFFA000A8170F /* SocketStudyUITests.swift */,
				C7D129822A2AFFA000A8170F /* SocketStudyUITestsLaunchTests.swift */,
			);
			path = SocketStudyUITests;
			sourceTree = "<group>";
		};
/* End PBXGroup section */

/* Begin PBXNativeTarget section */
		C7D1295B2A2AFF9F00A8170F /* SocketStudy */ = {
			isa = PBXNativeTarget;
			buildConfigurationList = C7D129862A2AFFA000A8170F /* Build configuration list for PBXNativeTarget "SocketStudy" */;
			buildPhases = (
				C7D129582A2AFF9F00A8170F /* Sources */,
				C7D129592A2AFF9F00A8170F /* Frameworks */,
				C7D1295A2A2AFF9F00A8170F /* Resources */,
			);
			buildRules = (
			);
			dependencies = (
			);
			name = SocketStudy;
			packageProductDependencies = (
				C7D129922A2B048000A8170F /* SocketIO */,
				C7D129952A2B1F5000A8170F /* SnapKit */,
			);
			productName = SocketStudy;
			productReference = C7D1295C2A2AFF9F00A8170F /* SocketStudy.app */;
			productType = "com.apple.product-type.application";
		};
		C7D129712A2AFFA000A8170F /* SocketStudyTests */ = {
			isa = PBXNativeTarget;
			buildConfigurationList = C7D129892A2AFFA000A8170F /* Build configuration list for PBXNativeTarget "SocketStudyTests" */;
			buildPhases = (
				C7D1296E2A2AFFA000A8170F /* Sources */,
				C7D1296F2A2AFFA000A8170F /* Frameworks */,
				C7D129702A2AFFA000A8170F /* Resources */,
			);
			buildRules = (
			);
			dependencies = (
				C7D129742A2AFFA000A8170F /* PBXTargetDependency */,
			);
			name = SocketStudyTests;
			productName = SocketStudyTests;
			productReference = C7D129722A2AFFA000A8170F /* SocketStudyTests.xctest */;
			productType = "com.apple.product-type.bundle.unit-test";
		};
		C7D1297B2A2AFFA000A8170F /* SocketStudyUITests */ = {
			isa = PBXNativeTarget;
			buildConfigurationList = C7D1298C2A2AFFA000A8170F /* Build configuration list for PBXNativeTarget "SocketStudyUITests" */;
			buildPhases = (
				C7D129782A2AFFA000A8170F /* Sources */,
				C7D129792A2AFFA000A8170F /* Frameworks */,
				C7D1297A2A2AFFA000A8170F /* Resources */,
			);
			buildRules = (
			);
			dependencies = (
				C7D1297E2A2AFFA000A8170F /* PBXTargetDependency */,
			);
			name = SocketStudyUITests;
			productName = SocketStudyUITests;
			productReference = C7D1297C2A2AFFA000A8170F /* SocketStudyUITests.xctest */;
			productType = "com.apple.product-type.bundle.ui-testing";
		};
/* End PBXNativeTarget section */

/* Begin PBXProject section */
		C7D129542A2AFF9F00A8170F /* Project object */ = {
			isa = PBXProject;
			attributes = {
				BuildIndependentTargetsInParallel = 1;
				LastSwiftUpdateCheck = 1430;
				LastUpgradeCheck = 1430;
				TargetAttributes = {
					C7D1295B2A2AFF9F00A8170F = {
						CreatedOnToolsVersion = 14.3;
					};
					C7D129712A2AFFA000A8170F = {
						CreatedOnToolsVersion = 14.3;
						TestTargetID = C7D1295B2A2AFF9F00A8170F;
					};
					C7D1297B2A2AFFA000A8170F = {
						CreatedOnToolsVersion = 14.3;
						TestTargetID = C7D1295B2A2AFF9F00A8170F;
					};
				};
			};
			buildConfigurationList = C7D129572A2AFF9F00A8170F /* Build configuration list for PBXProject "SocketStudy" */;
			compatibilityVersion = "Xcode 14.0";
			developmentRegion = en;
			hasScannedForEncodings = 0;
			knownRegions = (
				en,
				Base,
			);
			mainGroup = C7D129532A2AFF9F00A8170F;
			packageReferences = (
				C7D129912A2B048000A8170F /* XCRemoteSwiftPackageReference "socket.io-client-swift" */,
				C7D129942A2B1F5000A8170F /* XCRemoteSwiftPackageReference "SnapKit" */,
			);
			productRefGroup = C7D1295D2A2AFF9F00A8170F /* Products */;
			projectDirPath = "";
			projectRoot = "";
			targets = (
				C7D1295B2A2AFF9F00A8170F /* SocketStudy */,
				C7D129712A2AFFA000A8170F /* SocketStudyTests */,
				C7D1297B2A2AFFA000A8170F /* SocketStudyUITests */,
			);
		};
/* End PBXProject section */

/* Begin PBXResourcesBuildPhase section */
		C7D1295A2A2AFF9F00A8170F /* Resources */ = {
			isa = PBXResourcesBuildPhase;
			buildActionMask = 2147483647;
			files = (
				C7D1296C2A2AFFA000A8170F /* LaunchScreen.storyboard in Resources */,
				C7D129692A2AFFA000A8170F /* Assets.xcassets in Resources */,
			);
			runOnlyForDeploymentPostprocessing = 0;
		};
		C7D129702A2AFFA000A8170F /* Resources */ = {
			isa = PBXResourcesBuildPhase;
			buildActionMask = 2147483647;
			files = (
			);
			runOnlyForDeploymentPostprocessing = 0;
		};
		C7D1297A2A2AFFA000A8170F /* Resources */ = {
			isa = PBXResourcesBuildPhase;
			buildActionMask = 2147483647;
			files = (
			);
			runOnlyForDeploymentPostprocessing = 0;
		};
/* End PBXResourcesBuildPhase section */

/* Begin PBXSourcesBuildPhase section */
		C7D129582A2AFF9F00A8170F /* Sources */ = {
			isa = PBXSourcesBuildPhase;
			buildActionMask = 2147483647;
			files = (
				C7D129642A2AFF9F00A8170F /* ViewController.swift in Sources */,
				C7D129902A2B014E00A8170F /* SocketViewModel.swift in Sources */,
				C7D129602A2AFF9F00A8170F /* AppDelegate.swift in Sources */,
				C7D129622A2AFF9F00A8170F /* SceneDelegate.swift in Sources */,
			);
			runOnlyForDeploymentPostprocessing = 0;
		};
		C7D1296E2A2AFFA000A8170F /* Sources */ = {
			isa = PBXSourcesBuildPhase;
			buildActionMask = 2147483647;
			files = (
				C7D129772A2AFFA000A8170F /* SocketStudyTests.swift in Sources */,
			);
			runOnlyForDeploymentPostprocessing = 0;
		};
		C7D129782A2AFFA000A8170F /* Sources */ = {
			isa = PBXSourcesBuildPhase;
			buildActionMask = 2147483647;
			files = (
				C7D129812A2AFFA000A8170F /* SocketStudyUITests.swift in Sources */,
				C7D129832A2AFFA000A8170F /* SocketStudyUITestsLaunchTests.swift in Sources */,
			);
			runOnlyForDeploymentPostprocessing = 0;
		};
/* End PBXSourcesBuildPhase section */

/* Begin PBXTargetDependency section */
		C7D129742A2AFFA000A8170F /* PBXTargetDependency */ = {
			isa = PBXTargetDependency;
			target = C7D1295B2A2AFF9F00A8170F /* SocketStudy */;
			targetProxy = C7D129732A2AFFA000A8170F /* PBXContainerItemProxy */;
		};
		C7D1297E2A2AFFA000A8170F /* PBXTargetDependency */ = {
			isa = PBXTargetDependency;
			target = C7D1295B2A2AFF9F00A8170F /* SocketStudy */;
			targetProxy = C7D1297D2A2AFFA000A8170F /* PBXContainerItemProxy */;
		};
/* End PBXTargetDependency section */

/* Begin PBXVariantGroup section */
		C7D1296A2A2AFFA000A8170F /* LaunchScreen.storyboard */ = {
			isa = PBXVariantGroup;
			children = (
				C7D1296B2A2AFFA000A8170F /* Base */,
			);
			name = LaunchScreen.storyboard;
			sourceTree = "<group>";
		};
/* End PBXVariantGroup section */

/* Begin XCBuildConfiguration section */
		C7D129842A2AFFA000A8170F /* Debug */ = {
			isa = XCBuildConfiguration;
			buildSettings = {
				ALWAYS_SEARCH_USER_PATHS = NO;
				CLANG_ANALYZER_NONNULL = YES;
				CLANG_ANALYZER_NUMBER_OBJECT_CONVERSION = YES_AGGRESSIVE;
				CLANG_CXX_LANGUAGE_STANDARD = "gnu++20";
				CLANG_ENABLE_MODULES = YES;
				CLANG_ENABLE_OBJC_ARC = YES;
				CLANG_ENABLE_OBJC_WEAK = YES;
				CLANG_WARN_BLOCK_CAPTURE_AUTORELEASING = YES;
				CLANG_WARN_BOOL_CONVERSION = YES;
				CLANG_WARN_COMMA = YES;
				CLANG_WARN_CONSTANT_CONVERSION = YES;
				CLANG_WARN_DEPRECATED_OBJC_IMPLEMENTATIONS = YES;
				CLANG_WARN_DIRECT_OBJC_ISA_USAGE = YES_ERROR;
				CLANG_WARN_DOCUMENTATION_COMMENTS = YES;
				CLANG_WARN_EMPTY_BODY = YES;
				CLANG_WARN_ENUM_CONVERSION = YES;
				CLANG_WARN_INFINITE_RECURSION = YES;
				CLANG_WARN_INT_CONVERSION = YES;
				CLANG_WARN_NON_LITERAL_NULL_CONVERSION = YES;
				CLANG_WARN_OBJC_IMPLICIT_RETAIN_SELF = YES;
				CLANG_WARN_OBJC_LITERAL_CONVERSION = YES;
				CLANG_WARN_OBJC_ROOT_CLASS = YES_ERROR;
				CLANG_WARN_QUOTED_INCLUDE_IN_FRAMEWORK_HEADER = YES;
				CLANG_WARN_RANGE_LOOP_ANALYSIS = YES;
				CLANG_WARN_STRICT_PROTOTYPES = YES;
				CLANG_WARN_SUSPICIOUS_MOVE = YES;
				CLANG_WARN_UNGUARDED_AVAILABILITY = YES_AGGRESSIVE;
				CLANG_WARN_UNREACHABLE_CODE = YES;
				CLANG_WARN__DUPLICATE_METHOD_MATCH = YES;
				COPY_PHASE_STRIP = NO;
				DEBUG_INFORMATION_FORMAT = dwarf;
				ENABLE_STRICT_OBJC_MSGSEND = YES;
				ENABLE_TESTABILITY = YES;
				GCC_C_LANGUAGE_STANDARD = gnu11;
				GCC_DYNAMIC_NO_PIC = NO;
				GCC_NO_COMMON_BLOCKS = YES;
				GCC_OPTIMIZATION_LEVEL = 0;
				GCC_PREPROCESSOR_DEFINITIONS = (
					"DEBUG=1",
					"$(inherited)",
				);
				GCC_WARN_64_TO_32_BIT_CONVERSION = YES;
				GCC_WARN_ABOUT_RETURN_TYPE = YES_ERROR;
				GCC_WARN_UNDECLARED_SELECTOR = YES;
				GCC_WARN_UNINITIALIZED_AUTOS = YES_AGGRESSIVE;
				GCC_WARN_UNUSED_FUNCTION = YES;
				GCC_WARN_UNUSED_VARIABLE = YES;
				IPHONEOS_DEPLOYMENT_TARGET = 16.4;
				MTL_ENABLE_DEBUG_INFO = INCLUDE_SOURCE;
				MTL_FAST_MATH = YES;
				ONLY_ACTIVE_ARCH = YES;
				SDKROOT = iphoneos;
				SWIFT_ACTIVE_COMPILATION_CONDITIONS = DEBUG;
				SWIFT_OPTIMIZATION_LEVEL = "-Onone";
			};
			name = Debug;
		};
		C7D129852A2AFFA000A8170F /* Release */ = {
			isa = XCBuildConfiguration;
			buildSettings = {
				ALWAYS_SEARCH_USER_PATHS = NO;
				CLANG_ANALYZER_NONNULL = YES;
				CLANG_ANALYZER_NUMBER_OBJECT_CONVERSION = YES_AGGRESSIVE;
				CLANG_CXX_LANGUAGE_STANDARD = "gnu++20";
				CLANG_ENABLE_MODULES = YES;
				CLANG_ENABLE_OBJC_ARC = YES;
				CLANG_ENABLE_OBJC_WEAK = YES;
				CLANG_WARN_BLOCK_CAPTURE_AUTORELEASING = YES;
				CLANG_WARN_BOOL_CONVERSION = YES;
				CLANG_WARN_COMMA = YES;
				CLANG_WARN_CONSTANT_CONVERSION = YES;
				CLANG_WARN_DEPRECATED_OBJC_IMPLEMENTATIONS = YES;
				CLANG_WARN_DIRECT_OBJC_ISA_USAGE = YES_ERROR;
				CLANG_WARN_DOCUMENTATION_COMMENTS = YES;
				CLANG_WARN_EMPTY_BODY = YES;
				CLANG_WARN_ENUM_CONVERSION = YES;
				CLANG_WARN_INFINITE_RECURSION = YES;
				CLANG_WARN_INT_CONVERSION = YES;
				CLANG_WARN_NON_LITERAL_NULL_CONVERSION = YES;
				CLANG_WARN_OBJC_IMPLICIT_RETAIN_SELF = YES;
				CLANG_WARN_OBJC_LITERAL_CONVERSION = YES;
				CLANG_WARN_OBJC_ROOT_CLASS = YES_ERROR;
				CLANG_WARN_QUOTED_INCLUDE_IN_FRAMEWORK_HEADER = YES;
				CLANG_WARN_RANGE_LOOP_ANALYSIS = YES;
				CLANG_WARN_STRICT_PROTOTYPES = YES;
				CLANG_WARN_SUSPICIOUS_MOVE = YES;
				CLANG_WARN_UNGUARDED_AVAILABILITY = YES_AGGRESSIVE;
				CLANG_WARN_UNREACHABLE_CODE = YES;
				CLANG_WARN__DUPLICATE_METHOD_MATCH = YES;
				COPY_PHASE_STRIP = NO;
				DEBUG_INFORMATION_FORMAT = "dwarf-with-dsym";
				ENABLE_NS_ASSERTIONS = NO;
				ENABLE_STRICT_OBJC_MSGSEND = YES;
				GCC_C_LANGUAGE_STANDARD = gnu11;
				GCC_NO_COMMON_BLOCKS = YES;
				GCC_WARN_64_TO_32_BIT_CONVERSION = YES;
				GCC_WARN_ABOUT_RETURN_TYPE = YES_ERROR;
				GCC_WARN_UNDECLARED_SELECTOR = YES;
				GCC_WARN_UNINITIALIZED_AUTOS = YES_AGGRESSIVE;
				GCC_WARN_UNUSED_FUNCTION = YES;
				GCC_WARN_UNUSED_VARIABLE = YES;
				IPHONEOS_DEPLOYMENT_TARGET = 16.4;
				MTL_ENABLE_DEBUG_INFO = NO;
				MTL_FAST_MATH = YES;
				SDKROOT = iphoneos;
				SWIFT_COMPILATION_MODE = wholemodule;
				SWIFT_OPTIMIZATION_LEVEL = "-O";
				VALIDATE_PRODUCT = YES;
			};
			name = Release;
		};
		C7D129872A2AFFA000A8170F /* Debug */ = {
			isa = XCBuildConfiguration;
			buildSettings = {
				ASSETCATALOG_COMPILER_APPICON_NAME = AppIcon;
				ASSETCATALOG_COMPILER_GLOBAL_ACCENT_COLOR_NAME = AccentColor;
				CODE_SIGN_STYLE = Automatic;
				CURRENT_PROJECT_VERSION = 1;
				DEVELOPMENT_TEAM = NG2NLR2Z86;
				GENERATE_INFOPLIST_FILE = YES;
				INFOPLIST_FILE = SocketStudy/Info.plist;
				INFOPLIST_KEY_UIApplicationSupportsIndirectInputEvents = YES;
				INFOPLIST_KEY_UILaunchStoryboardName = LaunchScreen;
				INFOPLIST_KEY_UISupportedInterfaceOrientations_iPad = "UIInterfaceOrientationPortrait UIInterfaceOrientationPortraitUpsideDown UIInterfaceOrientationLandscapeLeft UIInterfaceOrientationLandscapeRight";
				INFOPLIST_KEY_UISupportedInterfaceOrientations_iPhone = "UIInterfaceOrientationPortrait UIInterfaceOrientationLandscapeLeft UIInterfaceOrientationLandscapeRight";
				LD_RUNPATH_SEARCH_PATHS = (
					"$(inherited)",
					"@executable_path/Frameworks",
				);
				MARKETING_VERSION = 1.0;
				PRODUCT_BUNDLE_IDENTIFIER = Sunho.SocketStudy;
				PRODUCT_NAME = "$(TARGET_NAME)";
				SWIFT_EMIT_LOC_STRINGS = YES;
				SWIFT_VERSION = 5.0;
				TARGETED_DEVICE_FAMILY = "1,2";
			};
			name = Debug;
		};
		C7D129882A2AFFA000A8170F /* Release */ = {
			isa = XCBuildConfiguration;
			buildSettings = {
				ASSETCATALOG_COMPILER_APPICON_NAME = AppIcon;
				ASSETCATALOG_COMPILER_GLOBAL_ACCENT_COLOR_NAME = AccentColor;
				CODE_SIGN_STYLE = Automatic;
				CURRENT_PROJECT_VERSION = 1;
				DEVELOPMENT_TEAM = NG2NLR2Z86;
				GENERATE_INFOPLIST_FILE = YES;
				INFOPLIST_FILE = SocketStudy/Info.plist;
				INFOPLIST_KEY_UIApplicationSupportsIndirectInputEvents = YES;
				INFOPLIST_KEY_UILaunchStoryboardName = LaunchScreen;
				INFOPLIST_KEY_UISupportedInterfaceOrientations_iPad = "UIInterfaceOrientationPortrait UIInterfaceOrientationPortraitUpsideDown UIInterfaceOrientationLandscapeLeft UIInterfaceOrientationLandscapeRight";
				INFOPLIST_KEY_UISupportedInterfaceOrientations_iPhone = "UIInterfaceOrientationPortrait UIInterfaceOrientationLandscapeLeft UIInterfaceOrientationLandscapeRight";
				LD_RUNPATH_SEARCH_PATHS = (
					"$(inherited)",
					"@executable_path/Frameworks",
				);
				MARKETING_VERSION = 1.0;
				PRODUCT_BUNDLE_IDENTIFIER = Sunho.SocketStudy;
				PRODUCT_NAME = "$(TARGET_NAME)";
				SWIFT_EMIT_LOC_STRINGS = YES;
				SWIFT_VERSION = 5.0;
				TARGETED_DEVICE_FAMILY = "1,2";
			};
			name = Release;
		};
		C7D1298A2A2AFFA000A8170F /* Debug */ = {
			isa = XCBuildConfiguration;
			buildSettings = {
				ALWAYS_EMBED_SWIFT_STANDARD_LIBRARIES = YES;
				BUNDLE_LOADER = "$(TEST_HOST)";
				CODE_SIGN_STYLE = Automatic;
				CURRENT_PROJECT_VERSION = 1;
				DEVELOPMENT_TEAM = NG2NLR2Z86;
				GENERATE_INFOPLIST_FILE = YES;
				IPHONEOS_DEPLOYMENT_TARGET = 16.4;
				MARKETING_VERSION = 1.0;
				PRODUCT_BUNDLE_IDENTIFIER = Sunho.SocketStudyTests;
				PRODUCT_NAME = "$(TARGET_NAME)";
				SWIFT_EMIT_LOC_STRINGS = NO;
				SWIFT_VERSION = 5.0;
				TARGETED_DEVICE_FAMILY = "1,2";
				TEST_HOST = "$(BUILT_PRODUCTS_DIR)/SocketStudy.app/$(BUNDLE_EXECUTABLE_FOLDER_PATH)/SocketStudy";
			};
			name = Debug;
		};
		C7D1298B2A2AFFA000A8170F /* Release */ = {
			isa = XCBuildConfiguration;
			buildSettings = {
				ALWAYS_EMBED_SWIFT_STANDARD_LIBRARIES = YES;
				BUNDLE_LOADER = "$(TEST_HOST)";
				CODE_SIGN_STYLE = Automatic;
				CURRENT_PROJECT_VERSION = 1;
				DEVELOPMENT_TEAM = NG2NLR2Z86;
				GENERATE_INFOPLIST_FILE = YES;
				IPHONEOS_DEPLOYMENT_TARGET = 16.4;
				MARKETING_VERSION = 1.0;
				PRODUCT_BUNDLE_IDENTIFIER = Sunho.SocketStudyTests;
				PRODUCT_NAME = "$(TARGET_NAME)";
				SWIFT_EMIT_LOC_STRINGS = NO;
				SWIFT_VERSION = 5.0;
				TARGETED_DEVICE_FAMILY = "1,2";
				TEST_HOST = "$(BUILT_PRODUCTS_DIR)/SocketStudy.app/$(BUNDLE_EXECUTABLE_FOLDER_PATH)/SocketStudy";
			};
			name = Release;
		};
		C7D1298D2A2AFFA000A8170F /* Debug */ = {
			isa = XCBuildConfiguration;
			buildSettings = {
				ALWAYS_EMBED_SWIFT_STANDARD_LIBRARIES = YES;
				CODE_SIGN_STYLE = Automatic;
				CURRENT_PROJECT_VERSION = 1;
				DEVELOPMENT_TEAM = NG2NLR2Z86;
				GENERATE_INFOPLIST_FILE = YES;
				MARKETING_VERSION = 1.0;
				PRODUCT_BUNDLE_IDENTIFIER = Sunho.SocketStudyUITests;
				PRODUCT_NAME = "$(TARGET_NAME)";
				SWIFT_EMIT_LOC_STRINGS = NO;
				SWIFT_VERSION = 5.0;
				TARGETED_DEVICE_FAMILY = "1,2";
				TEST_TARGET_NAME = SocketStudy;
			};
			name = Debug;
		};
		C7D1298E2A2AFFA000A8170F /* Release */ = {
			isa = XCBuildConfiguration;
			buildSettings = {
				ALWAYS_EMBED_SWIFT_STANDARD_LIBRARIES = YES;
				CODE_SIGN_STYLE = Automatic;
				CURRENT_PROJECT_VERSION = 1;
				DEVELOPMENT_TEAM = NG2NLR2Z86;
				GENERATE_INFOPLIST_FILE = YES;
				MARKETING_VERSION = 1.0;
				PRODUCT_BUNDLE_IDENTIFIER = Sunho.SocketStudyUITests;
				PRODUCT_NAME = "$(TARGET_NAME)";
				SWIFT_EMIT_LOC_STRINGS = NO;
				SWIFT_VERSION = 5.0;
				TARGETED_DEVICE_FAMILY = "1,2";
				TEST_TARGET_NAME = SocketStudy;
			};
			name = Release;
		};
/* End XCBuildConfiguration section */

/* Begin XCConfigurationList section */
		C7D129572A2AFF9F00A8170F /* Build configuration list for PBXProject "SocketStudy" */ = {
			isa = XCConfigurationList;
			buildConfigurations = (
				C7D129842A2AFFA000A8170F /* Debug */,
				C7D129852A2AFFA000A8170F /* Release */,
			);
			defaultConfigurationIsVisible = 0;
			defaultConfigurationName = Release;
		};
		C7D129862A2AFFA000A8170F /* Build configuration list for PBXNativeTarget "SocketStudy" */ = {
			isa = XCConfigurationList;
			buildConfigurations = (
				C7D129872A2AFFA000A8170F /* Debug */,
				C7D129882A2AFFA000A8170F /* Release */,
			);
			defaultConfigurationIsVisible = 0;
			defaultConfigurationName = Release;
		};
		C7D129892A2AFFA000A8170F /* Build configuration list for PBXNativeTarget "SocketStudyTests" */ = {
			isa = XCConfigurationList;
			buildConfigurations = (
				C7D1298A2A2AFFA000A8170F /* Debug */,
				C7D1298B2A2AFFA000A8170F /* Release */,
			);
			defaultConfigurationIsVisible = 0;
			defaultConfigurationName = Release;
		};
		C7D1298C2A2AFFA000A8170F /* Build configuration list for PBXNativeTarget "SocketStudyUITests" */ = {
			isa = XCConfigurationList;
			buildConfigurations = (
				C7D1298D2A2AFFA000A8170F /* Debug */,
				C7D1298E2A2AFFA000A8170F /* Release */,
			);
			defaultConfigurationIsVisible = 0;
			defaultConfigurationName = Release;
		};
/* End XCConfigurationList section */

/* Begin XCRemoteSwiftPackageReference section */
		C7D129912A2B048000A8170F /* XCRemoteSwiftPackageReference "socket.io-client-swift" */ = {
			isa = XCRemoteSwiftPackageReference;
			repositoryURL = "https://github.com/socketio/socket.io-client-swift.git";
			requirement = {
				branch = master;
				kind = branch;
			};
		};
		C7D129942A2B1F5000A8170F /* XCRemoteSwiftPackageReference "SnapKit" */ = {
			isa = XCRemoteSwiftPackageReference;
			repositoryURL = "https://github.com/SnapKit/SnapKit.git";
			requirement = {
				kind = upToNextMajorVersion;
				minimumVersion = 5.0.0;
			};
		};
/* End XCRemoteSwiftPackageReference section */

/* Begin XCSwiftPackageProductDependency section */
		C7D129922A2B048000A8170F /* SocketIO */ = {
			isa = XCSwiftPackageProductDependency;
			package = C7D129912A2B048000A8170F /* XCRemoteSwiftPackageReference "socket.io-client-swift" */;
			productName = SocketIO;
		};
		C7D129952A2B1F5000A8170F /* SnapKit */ = {
			isa = XCSwiftPackageProductDependency;
			package = C7D129942A2B1F5000A8170F /* XCRemoteSwiftPackageReference "SnapKit" */;
			productName = SnapKit;
		};
/* End XCSwiftPackageProductDependency section */
	};
	rootObject = C7D129542A2AFF9F00A8170F /* Project object */;
}
